// !$*UTF8*$!
{
	archiveVersion = 1;
	classes = {
	};
	objectVersion = 55;
	objects = {

/* Begin PBXBuildFile section */
		1A7EC51629083B1300D5BCB5 /* NavigationBar.swift in Sources */ = {isa = PBXBuildFile; fileRef = 1A7EC51529083B1300D5BCB5 /* NavigationBar.swift */; };
		1A7EC51829083DF600D5BCB5 /* WeatherView.swift in Sources */ = {isa = PBXBuildFile; fileRef = 1A7EC51729083DF600D5BCB5 /* WeatherView.swift */; };
		1A7EC51A29083F2200D5BCB5 /* WeatherWidget.swift in Sources */ = {isa = PBXBuildFile; fileRef = 1A7EC51929083F2200D5BCB5 /* WeatherWidget.swift */; };
		1A8B85C928FEF290003C7F79 /* Weather_SUIApp.swift in Sources */ = {isa = PBXBuildFile; fileRef = 1A8B85C828FEF290003C7F79 /* Weather_SUIApp.swift */; };
		1A8B85CB28FEF290003C7F79 /* ContentView.swift in Sources */ = {isa = PBXBuildFile; fileRef = 1A8B85CA28FEF290003C7F79 /* ContentView.swift */; };
		1A8B85CD28FEF293003C7F79 /* Assets.xcassets in Resources */ = {isa = PBXBuildFile; fileRef = 1A8B85CC28FEF293003C7F79 /* Assets.xcassets */; };
		1A8B85D028FEF293003C7F79 /* Preview Assets.xcassets in Resources */ = {isa = PBXBuildFile; fileRef = 1A8B85CF28FEF293003C7F79 /* Preview Assets.xcassets */; };
		1A8B85E028FEF721003C7F79 /* Extensions.swift in Sources */ = {isa = PBXBuildFile; fileRef = 1A8B85DF28FEF721003C7F79 /* Extensions.swift */; };
		1A8B85E428FEF77A003C7F79 /* HomeView.swift in Sources */ = {isa = PBXBuildFile; fileRef = 1A8B85E328FEF77A003C7F79 /* HomeView.swift */; };
		1A8B85E629003A3E003C7F79 /* TabBar.swift in Sources */ = {isa = PBXBuildFile; fileRef = 1A8B85E529003A3E003C7F79 /* TabBar.swift */; };
		1A8B85E829003FB4003C7F79 /* Shapes.swift in Sources */ = {isa = PBXBuildFile; fileRef = 1A8B85E729003FB4003C7F79 /* Shapes.swift */; };
		1A8B85EB290048FD003C7F79 /* BottomSheet in Frameworks */ = {isa = PBXBuildFile; productRef = 1A8B85EA290048FD003C7F79 /* BottomSheet */; };
		1A8B85ED29004D69003C7F79 /* ForecastView.swift in Sources */ = {isa = PBXBuildFile; fileRef = 1A8B85EC29004D69003C7F79 /* ForecastView.swift */; };
		1A8B85F129005127003C7F79 /* Blur.swift in Sources */ = {isa = PBXBuildFile; fileRef = 1A8B85F029005127003C7F79 /* Blur.swift */; };
		1A8B85F32906E3F2003C7F79 /* SegmentedControl.swift in Sources */ = {isa = PBXBuildFile; fileRef = 1A8B85F22906E3F2003C7F79 /* SegmentedControl.swift */; };
		1A8B85F52906EA2E003C7F79 /* ForecastModel.swift in Sources */ = {isa = PBXBuildFile; fileRef = 1A8B85F42906EA2E003C7F79 /* ForecastModel.swift */; };
		1ABD7B7A29080FA3001714CA /* ForecastCard.swift in Sources */ = {isa = PBXBuildFile; fileRef = 1ABD7B7929080FA3001714CA /* ForecastCard.swift */; };
/* End PBXBuildFile section */

/* Begin PBXFileReference section */
		1A7EC51529083B1300D5BCB5 /* NavigationBar.swift */ = {isa = PBXFileReference; lastKnownFileType = sourcecode.swift; path = NavigationBar.swift; sourceTree = "<group>"; };
		1A7EC51729083DF600D5BCB5 /* WeatherView.swift */ = {isa = PBXFileReference; lastKnownFileType = sourcecode.swift; path = WeatherView.swift; sourceTree = "<group>"; };
		1A7EC51929083F2200D5BCB5 /* WeatherWidget.swift */ = {isa = PBXFileReference; lastKnownFileType = sourcecode.swift; path = WeatherWidget.swift; sourceTree = "<group>"; };
		1A8B85C528FEF290003C7F79 /* Weather SUI.app */ = {isa = PBXFileReference; explicitFileType = wrapper.application; includeInIndex = 0; path = "Weather SUI.app"; sourceTree = BUILT_PRODUCTS_DIR; };
		1A8B85C828FEF290003C7F79 /* Weather_SUIApp.swift */ = {isa = PBXFileReference; lastKnownFileType = sourcecode.swift; path = Weather_SUIApp.swift; sourceTree = "<group>"; };
		1A8B85CA28FEF290003C7F79 /* ContentView.swift */ = {isa = PBXFileReference; lastKnownFileType = sourcecode.swift; path = ContentView.swift; sourceTree = "<group>"; };
		1A8B85CC28FEF293003C7F79 /* Assets.xcassets */ = {isa = PBXFileReference; lastKnownFileType = folder.assetcatalog; path = Assets.xcassets; sourceTree = "<group>"; };
		1A8B85CF28FEF293003C7F79 /* Preview Assets.xcassets */ = {isa = PBXFileReference; lastKnownFileType = folder.assetcatalog; path = "Preview Assets.xcassets"; sourceTree = "<group>"; };
		1A8B85DF28FEF721003C7F79 /* Extensions.swift */ = {isa = PBXFileReference; fileEncoding = 4; lastKnownFileType = sourcecode.swift; name = Extensions.swift; path = "../../../../../../Downloads/Assets/SwiftUI Weather App/Resources/Extensions.swift"; sourceTree = "<group>"; };
		1A8B85E328FEF77A003C7F79 /* HomeView.swift */ = {isa = PBXFileReference; lastKnownFileType = sourcecode.swift; path = HomeView.swift; sourceTree = "<group>"; };
		1A8B85E529003A3E003C7F79 /* TabBar.swift */ = {isa = PBXFileReference; lastKnownFileType = sourcecode.swift; path = TabBar.swift; sourceTree = "<group>"; };
		1A8B85E729003FB4003C7F79 /* Shapes.swift */ = {isa = PBXFileReference; lastKnownFileType = sourcecode.swift; path = Shapes.swift; sourceTree = "<group>"; };
		1A8B85EC29004D69003C7F79 /* ForecastView.swift */ = {isa = PBXFileReference; lastKnownFileType = sourcecode.swift; path = ForecastView.swift; sourceTree = "<group>"; };
		1A8B85F029005127003C7F79 /* Blur.swift */ = {isa = PBXFileReference; lastKnownFileType = sourcecode.swift; path = Blur.swift; sourceTree = "<group>"; };
		1A8B85F22906E3F2003C7F79 /* SegmentedControl.swift */ = {isa = PBXFileReference; lastKnownFileType = sourcecode.swift; path = SegmentedControl.swift; sourceTree = "<group>"; };
		1A8B85F42906EA2E003C7F79 /* ForecastModel.swift */ = {isa = PBXFileReference; lastKnownFileType = sourcecode.swift; path = ForecastModel.swift; sourceTree = "<group>"; };
		1ABD7B7929080FA3001714CA /* ForecastCard.swift */ = {isa = PBXFileReference; lastKnownFileType = sourcecode.swift; path = ForecastCard.swift; sourceTree = "<group>"; };
/* End PBXFileReference section */

/* Begin PBXFrameworksBuildPhase section */
		1A8B85C228FEF290003C7F79 /* Frameworks */ = {
			isa = PBXFrameworksBuildPhase;
			buildActionMask = 2147483647;
			files = (
				1A8B85EB290048FD003C7F79 /* BottomSheet in Frameworks */,
			);
			runOnlyForDeploymentPostprocessing = 0;
		};
/* End PBXFrameworksBuildPhase section */

/* Begin PBXGroup section */
		1A8B85BC28FEF28F003C7F79 = {
			isa = PBXGroup;
			children = (
				1A8B85C728FEF290003C7F79 /* Weather SUI */,
				1A8B85C628FEF290003C7F79 /* Products */,
			);
			sourceTree = "<group>";
		};
		1A8B85C628FEF290003C7F79 /* Products */ = {
			isa = PBXGroup;
			children = (
				1A8B85C528FEF290003C7F79 /* Weather SUI.app */,
			);
			name = Products;
			sourceTree = "<group>";
		};
		1A8B85C728FEF290003C7F79 /* Weather SUI */ = {
			isa = PBXGroup;
			children = (
				1A8B85C828FEF290003C7F79 /* Weather_SUIApp.swift */,
				1A8B85D628FEF5A0003C7F79 /* Views */,
				1A8B85D728FEF5AA003C7F79 /* Models */,
				1A8B85D828FEF5B1003C7F79 /* Utils */,
				1A8B85CC28FEF293003C7F79 /* Assets.xcassets */,
				1A8B85CE28FEF293003C7F79 /* Preview Content */,
			);
			path = "Weather SUI";
			sourceTree = "<group>";
		};
		1A8B85CE28FEF293003C7F79 /* Preview Content */ = {
			isa = PBXGroup;
			children = (
				1A8B85CF28FEF293003C7F79 /* Preview Assets.xcassets */,
			);
			path = "Preview Content";
			sourceTree = "<group>";
		};
		1A8B85D628FEF5A0003C7F79 /* Views */ = {
			isa = PBXGroup;
			children = (
				1A8B85D928FEF5CC003C7F79 /* Main */,
				1A8B85DA28FEF5D5003C7F79 /* Navigation */,
				1A8B85DB28FEF5DE003C7F79 /* Detail */,
				1A8B85DC28FEF5E4003C7F79 /* Components */,
			);
			path = Views;
			sourceTree = "<group>";
		};
		1A8B85D728FEF5AA003C7F79 /* Models */ = {
			isa = PBXGroup;
			children = (
				1A8B85F42906EA2E003C7F79 /* ForecastModel.swift */,
			);
			path = Models;
			sourceTree = "<group>";
		};
		1A8B85D828FEF5B1003C7F79 /* Utils */ = {
			isa = PBXGroup;
			children = (
				1A8B85DF28FEF721003C7F79 /* Extensions.swift */,
				1A8B85E729003FB4003C7F79 /* Shapes.swift */,
			);
			path = Utils;
			sourceTree = "<group>";
		};
		1A8B85D928FEF5CC003C7F79 /* Main */ = {
			isa = PBXGroup;
			children = (
				1A8B85CA28FEF290003C7F79 /* ContentView.swift */,
				1A8B85E328FEF77A003C7F79 /* HomeView.swift */,
			);
			path = Main;
			sourceTree = "<group>";
		};
		1A8B85DA28FEF5D5003C7F79 /* Navigation */ = {
			isa = PBXGroup;
			children = (
				1A8B85E529003A3E003C7F79 /* TabBar.swift */,
				1A7EC51529083B1300D5BCB5 /* NavigationBar.swift */,
			);
			path = Navigation;
			sourceTree = "<group>";
		};
		1A8B85DB28FEF5DE003C7F79 /* Detail */ = {
			isa = PBXGroup;
			children = (
				1A8B85EC29004D69003C7F79 /* ForecastView.swift */,
				1A7EC51729083DF600D5BCB5 /* WeatherView.swift */,
			);
			path = Detail;
			sourceTree = "<group>";
		};
		1A8B85DC28FEF5E4003C7F79 /* Components */ = {
			isa = PBXGroup;
			children = (
				1A8B85F029005127003C7F79 /* Blur.swift */,
				1A8B85F22906E3F2003C7F79 /* SegmentedControl.swift */,
				1ABD7B7929080FA3001714CA /* ForecastCard.swift */,
				1A7EC51929083F2200D5BCB5 /* WeatherWidget.swift */,
			);
			path = Components;
			sourceTree = "<group>";
		};
/* End PBXGroup section */

/* Begin PBXNativeTarget section */
		1A8B85C428FEF290003C7F79 /* Weather SUI */ = {
			isa = PBXNativeTarget;
			buildConfigurationList = 1A8B85D328FEF293003C7F79 /* Build configuration list for PBXNativeTarget "Weather SUI" */;
			buildPhases = (
				1A8B85C128FEF290003C7F79 /* Sources */,
				1A8B85C228FEF290003C7F79 /* Frameworks */,
				1A8B85C328FEF290003C7F79 /* Resources */,
			);
			buildRules = (
			);
			dependencies = (
			);
			name = "Weather SUI";
			packageProductDependencies = (
				1A8B85EA290048FD003C7F79 /* BottomSheet */,
			);
			productName = "Weather SUI";
			productReference = 1A8B85C528FEF290003C7F79 /* Weather SUI.app */;
			productType = "com.apple.product-type.application";
		};
/* End PBXNativeTarget section */

/* Begin PBXProject section */
		1A8B85BD28FEF28F003C7F79 /* Project object */ = {
			isa = PBXProject;
			attributes = {
				BuildIndependentTargetsInParallel = 1;
				LastSwiftUpdateCheck = 1340;
				LastUpgradeCheck = 1340;
				TargetAttributes = {
					1A8B85C428FEF290003C7F79 = {
						CreatedOnToolsVersion = 13.4.1;
					};
				};
			};
			buildConfigurationList = 1A8B85C028FEF28F003C7F79 /* Build configuration list for PBXProject "Weather SUI" */;
			compatibilityVersion = "Xcode 13.0";
			developmentRegion = en;
			hasScannedForEncodings = 0;
			knownRegions = (
				en,
				Base,
			);
			mainGroup = 1A8B85BC28FEF28F003C7F79;
			packageReferences = (
				1A8B85E9290048FD003C7F79 /* XCRemoteSwiftPackageReference "BottomSheet" */,
			);
			productRefGroup = 1A8B85C628FEF290003C7F79 /* Products */;
			projectDirPath = "";
			projectRoot = "";
			targets = (
				1A8B85C428FEF290003C7F79 /* Weather SUI */,
			);
		};
/* End PBXProject section */

/* Begin PBXResourcesBuildPhase section */
		1A8B85C328FEF290003C7F79 /* Resources */ = {
			isa = PBXResourcesBuildPhase;
			buildActionMask = 2147483647;
			files = (
				1A8B85D028FEF293003C7F79 /* Preview Assets.xcassets in Resources */,
				1A8B85CD28FEF293003C7F79 /* Assets.xcassets in Resources */,
			);
			runOnlyForDeploymentPostprocessing = 0;
		};
/* End PBXResourcesBuildPhase section */

/* Begin PBXSourcesBuildPhase section */
		1A8B85C128FEF290003C7F79 /* Sources */ = {
			isa = PBXSourcesBuildPhase;
			buildActionMask = 2147483647;
			files = (
				1A7EC51A29083F2200D5BCB5 /* WeatherWidget.swift in Sources */,
				1ABD7B7A29080FA3001714CA /* ForecastCard.swift in Sources */,
				1A8B85CB28FEF290003C7F79 /* ContentView.swift in Sources */,
				1A8B85E428FEF77A003C7F79 /* HomeView.swift in Sources */,
				1A8B85F32906E3F2003C7F79 /* SegmentedControl.swift in Sources */,
				1A8B85F129005127003C7F79 /* Blur.swift in Sources */,
				1A7EC51829083DF600D5BCB5 /* WeatherView.swift in Sources */,
				1A8B85C928FEF290003C7F79 /* Weather_SUIApp.swift in Sources */,
				1A8B85E028FEF721003C7F79 /* Extensions.swift in Sources */,
				1A8B85ED29004D69003C7F79 /* ForecastView.swift in Sources */,
				1A8B85E629003A3E003C7F79 /* TabBar.swift in Sources */,
				1A8B85F52906EA2E003C7F79 /* ForecastModel.swift in Sources */,
				1A8B85E829003FB4003C7F79 /* Shapes.swift in Sources */,
				1A7EC51629083B1300D5BCB5 /* NavigationBar.swift in Sources */,
			);
			runOnlyForDeploymentPostprocessing = 0;
		};
/* End PBXSourcesBuildPhase section */

/* Begin XCBuildConfiguration section */
		1A8B85D128FEF293003C7F79 /* Debug */ = {
			isa = XCBuildConfiguration;
			buildSettings = {
				ALWAYS_SEARCH_USER_PATHS = NO;
				CLANG_ANALYZER_NONNULL = YES;
				CLANG_ANALYZER_NUMBER_OBJECT_CONVERSION = YES_AGGRESSIVE;
				CLANG_CXX_LANGUAGE_STANDARD = "gnu++17";
				CLANG_ENABLE_MODULES = YES;
				CLANG_ENABLE_OBJC_ARC = YES;
				CLANG_ENABLE_OBJC_WEAK = YES;
				CLANG_WARN_BLOCK_CAPTURE_AUTORELEASING = YES;
				CLANG_WARN_BOOL_CONVERSION = YES;
				CLANG_WARN_COMMA = YES;
				CLANG_WARN_CONSTANT_CONVERSION = YES;
				CLANG_WARN_DEPRECATED_OBJC_IMPLEMENTATIONS = YES;
				CLANG_WARN_DIRECT_OBJC_ISA_USAGE = YES_ERROR;
				CLANG_WARN_DOCUMENTATION_COMMENTS = YES;
				CLANG_WARN_EMPTY_BODY = YES;
				CLANG_WARN_ENUM_CONVERSION = YES;
				CLANG_WARN_INFINITE_RECURSION = YES;
				CLANG_WARN_INT_CONVERSION = YES;
				CLANG_WARN_NON_LITERAL_NULL_CONVERSION = YES;
				CLANG_WARN_OBJC_IMPLICIT_RETAIN_SELF = YES;
				CLANG_WARN_OBJC_LITERAL_CONVERSION = YES;
				CLANG_WARN_OBJC_ROOT_CLASS = YES_ERROR;
				CLANG_WARN_QUOTED_INCLUDE_IN_FRAMEWORK_HEADER = YES;
				CLANG_WARN_RANGE_LOOP_ANALYSIS = YES;
				CLANG_WARN_STRICT_PROTOTYPES = YES;
				CLANG_WARN_SUSPICIOUS_MOVE = YES;
				CLANG_WARN_UNGUARDED_AVAILABILITY = YES_AGGRESSIVE;
				CLANG_WARN_UNREACHABLE_CODE = YES;
				CLANG_WARN__DUPLICATE_METHOD_MATCH = YES;
				COPY_PHASE_STRIP = NO;
				DEBUG_INFORMATION_FORMAT = dwarf;
				ENABLE_STRICT_OBJC_MSGSEND = YES;
				ENABLE_TESTABILITY = YES;
				GCC_C_LANGUAGE_STANDARD = gnu11;
				GCC_DYNAMIC_NO_PIC = NO;
				GCC_NO_COMMON_BLOCKS = YES;
				GCC_OPTIMIZATION_LEVEL = 0;
				GCC_PREPROCESSOR_DEFINITIONS = (
					"DEBUG=1",
					"$(inherited)",
				);
				GCC_WARN_64_TO_32_BIT_CONVERSION = YES;
				GCC_WARN_ABOUT_RETURN_TYPE = YES_ERROR;
				GCC_WARN_UNDECLARED_SELECTOR = YES;
				GCC_WARN_UNINITIALIZED_AUTOS = YES_AGGRESSIVE;
				GCC_WARN_UNUSED_FUNCTION = YES;
				GCC_WARN_UNUSED_VARIABLE = YES;
				IPHONEOS_DEPLOYMENT_TARGET = 15.5;
				MTL_ENABLE_DEBUG_INFO = INCLUDE_SOURCE;
				MTL_FAST_MATH = YES;
				ONLY_ACTIVE_ARCH = YES;
				SDKROOT = iphoneos;
				SWIFT_ACTIVE_COMPILATION_CONDITIONS = DEBUG;
				SWIFT_OPTIMIZATION_LEVEL = "-Onone";
			};
			name = Debug;
		};
		1A8B85D228FEF293003C7F79 /* Release */ = {
			isa = XCBuildConfiguration;
			buildSettings = {
				ALWAYS_SEARCH_USER_PATHS = NO;
				CLANG_ANALYZER_NONNULL = YES;
				CLANG_ANALYZER_NUMBER_OBJECT_CONVERSION = YES_AGGRESSIVE;
				CLANG_CXX_LANGUAGE_STANDARD = "gnu++17";
				CLANG_ENABLE_MODULES = YES;
				CLANG_ENABLE_OBJC_ARC = YES;
				CLANG_ENABLE_OBJC_WEAK = YES;
				CLANG_WARN_BLOCK_CAPTURE_AUTORELEASING = YES;
				CLANG_WARN_BOOL_CONVERSION = YES;
				CLANG_WARN_COMMA = YES;
				CLANG_WARN_CONSTANT_CONVERSION = YES;
				CLANG_WARN_DEPRECATED_OBJC_IMPLEMENTATIONS = YES;
				CLANG_WARN_DIRECT_OBJC_ISA_USAGE = YES_ERROR;
				CLANG_WARN_DOCUMENTATION_COMMENTS = YES;
				CLANG_WARN_EMPTY_BODY = YES;
				CLANG_WARN_ENUM_CONVERSION = YES;
				CLANG_WARN_INFINITE_RECURSION = YES;
				CLANG_WARN_INT_CONVERSION = YES;
				CLANG_WARN_NON_LITERAL_NULL_CONVERSION = YES;
				CLANG_WARN_OBJC_IMPLICIT_RETAIN_SELF = YES;
				CLANG_WARN_OBJC_LITERAL_CONVERSION = YES;
				CLANG_WARN_OBJC_ROOT_CLASS = YES_ERROR;
				CLANG_WARN_QUOTED_INCLUDE_IN_FRAMEWORK_HEADER = YES;
				CLANG_WARN_RANGE_LOOP_ANALYSIS = YES;
				CLANG_WARN_STRICT_PROTOTYPES = YES;
				CLANG_WARN_SUSPICIOUS_MOVE = YES;
				CLANG_WARN_UNGUARDED_AVAILABILITY = YES_AGGRESSIVE;
				CLANG_WARN_UNREACHABLE_CODE = YES;
				CLANG_WARN__DUPLICATE_METHOD_MATCH = YES;
				COPY_PHASE_STRIP = NO;
				DEBUG_INFORMATION_FORMAT = "dwarf-with-dsym";
				ENABLE_NS_ASSERTIONS = NO;
				ENABLE_STRICT_OBJC_MSGSEND = YES;
				GCC_C_LANGUAGE_STANDARD = gnu11;
				GCC_NO_COMMON_BLOCKS = YES;
				GCC_WARN_64_TO_32_BIT_CONVERSION = YES;
				GCC_WARN_ABOUT_RETURN_TYPE = YES_ERROR;
				GCC_WARN_UNDECLARED_SELECTOR = YES;
				GCC_WARN_UNINITIALIZED_AUTOS = YES_AGGRESSIVE;
				GCC_WARN_UNUSED_FUNCTION = YES;
				GCC_WARN_UNUSED_VARIABLE = YES;
				IPHONEOS_DEPLOYMENT_TARGET = 15.5;
				MTL_ENABLE_DEBUG_INFO = NO;
				MTL_FAST_MATH = YES;
				SDKROOT = iphoneos;
				SWIFT_COMPILATION_MODE = wholemodule;
				SWIFT_OPTIMIZATION_LEVEL = "-O";
				VALIDATE_PRODUCT = YES;
			};
			name = Release;
		};
		1A8B85D428FEF293003C7F79 /* Debug */ = {
			isa = XCBuildConfiguration;
			buildSettings = {
				ASSETCATALOG_COMPILER_APPICON_NAME = AppIcon;
				ASSETCATALOG_COMPILER_GLOBAL_ACCENT_COLOR_NAME = AccentColor;
				CODE_SIGN_STYLE = Automatic;
				CURRENT_PROJECT_VERSION = 1;
				DEVELOPMENT_ASSET_PATHS = "\"Weather SUI/Preview Content\"";
				DEVELOPMENT_TEAM = J29BGS7RGH;
				ENABLE_PREVIEWS = YES;
				GENERATE_INFOPLIST_FILE = YES;
				INFOPLIST_KEY_UIApplicationSceneManifest_Generation = YES;
				INFOPLIST_KEY_UIApplicationSupportsIndirectInputEvents = YES;
				INFOPLIST_KEY_UILaunchScreen_Generation = YES;
				INFOPLIST_KEY_UISupportedInterfaceOrientations_iPad = "UIInterfaceOrientationPortrait UIInterfaceOrientationPortraitUpsideDown UIInterfaceOrientationLandscapeLeft UIInterfaceOrientationLandscapeRight";
				INFOPLIST_KEY_UISupportedInterfaceOrientations_iPhone = "UIInterfaceOrientationPortrait UIInterfaceOrientationLandscapeLeft UIInterfaceOrientationLandscapeRight";
				LD_RUNPATH_SEARCH_PATHS = (
					"$(inherited)",
					"@executable_path/Frameworks",
				);
				MARKETING_VERSION = 1.0;
				PRODUCT_BUNDLE_IDENTIFIER = "xkidcatx.Weather-SUI";
				PRODUCT_NAME = "$(TARGET_NAME)";
				SWIFT_EMIT_LOC_STRINGS = YES;
				SWIFT_VERSION = 5.0;
				TARGETED_DEVICE_FAMILY = "1,2";
			};
			name = Debug;
		};
		1A8B85D528FEF293003C7F79 /* Release */ = {
			isa = XCBuildConfiguration;
			buildSettings = {
				ASSETCATALOG_COMPILER_APPICON_NAME = AppIcon;
				ASSETCATALOG_COMPILER_GLOBAL_ACCENT_COLOR_NAME = AccentColor;
				CODE_SIGN_STYLE = Automatic;
				CURRENT_PROJECT_VERSION = 1;
				DEVELOPMENT_ASSET_PATHS = "\"Weather SUI/Preview Content\"";
				DEVELOPMENT_TEAM = J29BGS7RGH;
				ENABLE_PREVIEWS = YES;
				GENERATE_INFOPLIST_FILE = YES;
				INFOPLIST_KEY_UIApplicationSceneManifest_Generation = YES;
				INFOPLIST_KEY_UIApplicationSupportsIndirectInputEvents = YES;
				INFOPLIST_KEY_UILaunchScreen_Generation = YES;
				INFOPLIST_KEY_UISupportedInterfaceOrientations_iPad = "UIInterfaceOrientationPortrait UIInterfaceOrientationPortraitUpsideDown UIInterfaceOrientationLandscapeLeft UIInterfaceOrientationLandscapeRight";
				INFOPLIST_KEY_UISupportedInterfaceOrientations_iPhone = "UIInterfaceOrientationPortrait UIInterfaceOrientationLandscapeLeft UIInterfaceOrientationLandscapeRight";
				LD_RUNPATH_SEARCH_PATHS = (
					"$(inherited)",
					"@executable_path/Frameworks",
				);
				MARKETING_VERSION = 1.0;
				PRODUCT_BUNDLE_IDENTIFIER = "xkidcatx.Weather-SUI";
				PRODUCT_NAME = "$(TARGET_NAME)";
				SWIFT_EMIT_LOC_STRINGS = YES;
				SWIFT_VERSION = 5.0;
				TARGETED_DEVICE_FAMILY = "1,2";
			};
			name = Release;
		};
/* End XCBuildConfiguration section */

/* Begin XCConfigurationList section */
		1A8B85C028FEF28F003C7F79 /* Build configuration list for PBXProject "Weather SUI" */ = {
			isa = XCConfigurationList;
			buildConfigurations = (
				1A8B85D128FEF293003C7F79 /* Debug */,
				1A8B85D228FEF293003C7F79 /* Release */,
			);
			defaultConfigurationIsVisible = 0;
			defaultConfigurationName = Release;
		};
		1A8B85D328FEF293003C7F79 /* Build configuration list for PBXNativeTarget "Weather SUI" */ = {
			isa = XCConfigurationList;
			buildConfigurations = (
				1A8B85D428FEF293003C7F79 /* Debug */,
				1A8B85D528FEF293003C7F79 /* Release */,
			);
			defaultConfigurationIsVisible = 0;
			defaultConfigurationName = Release;
		};
/* End XCConfigurationList section */

/* Begin XCRemoteSwiftPackageReference section */
		1A8B85E9290048FD003C7F79 /* XCRemoteSwiftPackageReference "BottomSheet" */ = {
			isa = XCRemoteSwiftPackageReference;
			repositoryURL = "https://github.com/Wouter125/BottomSheet.git";
			requirement = {
				branch = main;
				kind = branch;
			};
		};
/* End XCRemoteSwiftPackageReference section */

/* Begin XCSwiftPackageProductDependency section */
		1A8B85EA290048FD003C7F79 /* BottomSheet */ = {
			isa = XCSwiftPackageProductDependency;
			package = 1A8B85E9290048FD003C7F79 /* XCRemoteSwiftPackageReference "BottomSheet" */;
			productName = BottomSheet;
		};
/* End XCSwiftPackageProductDependency section */
	};
	rootObject = 1A8B85BD28FEF28F003C7F79 /* Project object */;
}
